
Microsoft Visual Studio Solution File, Format Version 12.00
# Visual Studio Version 16
VisualStudioVersion = 16.0.29613.14
MinimumVisualStudioVersion = 10.0.40219.1
Project("{F184B08F-C81C-45F6-A57F-5ABD9991F28F}") = "FileExample", "FileExample.vbproj", "{1370B406-7AC3-43CB-B97E-014E3FC4FC02}"
EndProject
Global
	GlobalSection(SolutionConfigurationPlatforms) = preSolution
		Debug|Any CPU = Debug|Any CPU
		Release|Any CPU = Release|Any CPU
	EndGlobalSection
	GlobalSection(ProjectConfigurationPlatforms) = postSolution
		{1370B406-7AC3-43CB-B97E-014E3FC4FC02}.Debug|Any CPU.ActiveCfg = Debug|Any CPU
		{1370B406-7AC3-43CB-B97E-014E3FC4FC02}.Debug|Any CPU.Build.0 = Debug|Any CPU
		{1370B406-7AC3-43CB-B97E-014E3FC4FC02}.Release|Any CPU.ActiveCfg = Release|Any CPU
		{1370B406-7AC3-43CB-B97E-014E3FC4FC02}.Release|Any CPU.Build.0 = Release|Any CPU
	EndGlobalSection
	GlobalSection(SolutionProperties) = preSolution
		HideSolutionNode = FALSE
	EndGlobalSection
	GlobalSection(ExtensibilityGlobals) = postSolution
		SolutionGuid = {DBD63928-4970-4579-A40F-D8E7813F2133}
	EndGlobalSection
EndGlobal
