
Microsoft Visual Studio Solution File, Format Version 12.00
# Visual Studio Version 16
VisualStudioVersion = 16.0.29613.14
MinimumVisualStudioVersion = 10.0.40219.1
Project("{F184B08F-C81C-45F6-A57F-5ABD9991F28F}") = "ListBoxExample", "ListBoxExample.vbproj", "{F94135EF-57A4-41EB-9805-C970DA79661B}"
EndProject
Global
	GlobalSection(SolutionConfigurationPlatforms) = preSolution
		Debug|Any CPU = Debug|Any CPU
		Release|Any CPU = Release|Any CPU
	EndGlobalSection
	GlobalSection(ProjectConfigurationPlatforms) = postSolution
		{F94135EF-57A4-41EB-9805-C970DA79661B}.Debug|Any CPU.ActiveCfg = Debug|Any CPU
		{F94135EF-57A4-41EB-9805-C970DA79661B}.Debug|Any CPU.Build.0 = Debug|Any CPU
		{F94135EF-57A4-41EB-9805-C970DA79661B}.Release|Any CPU.ActiveCfg = Release|Any CPU
		{F94135EF-57A4-41EB-9805-C970DA79661B}.Release|Any CPU.Build.0 = Release|Any CPU
	EndGlobalSection
	GlobalSection(SolutionProperties) = preSolution
		HideSolutionNode = FALSE
	EndGlobalSection
	GlobalSection(ExtensibilityGlobals) = postSolution
		SolutionGuid = {3FBD7B80-07C8-4567-80B3-96557F40A01F}
	EndGlobalSection
EndGlobal
