
Microsoft Visual Studio Solution File, Format Version 12.00
# Visual Studio Version 16
VisualStudioVersion = 16.0.29613.14
MinimumVisualStudioVersion = 10.0.40219.1
Project("{F184B08F-C81C-45F6-A57F-5ABD9991F28F}") = "Address Label Assignment", "Address Label Assignment.vbproj", "{E6821A80-446A-45BC-8B15-1828CFFB7A60}"
EndProject
Global
	GlobalSection(SolutionConfigurationPlatforms) = preSolution
		Debug|Any CPU = Debug|Any CPU
		Release|Any CPU = Release|Any CPU
	EndGlobalSection
	GlobalSection(ProjectConfigurationPlatforms) = postSolution
		{E6821A80-446A-45BC-8B15-1828CFFB7A60}.Debug|Any CPU.ActiveCfg = Debug|Any CPU
		{E6821A80-446A-45BC-8B15-1828CFFB7A60}.Debug|Any CPU.Build.0 = Debug|Any CPU
		{E6821A80-446A-45BC-8B15-1828CFFB7A60}.Release|Any CPU.ActiveCfg = Release|Any CPU
		{E6821A80-446A-45BC-8B15-1828CFFB7A60}.Release|Any CPU.Build.0 = Release|Any CPU
	EndGlobalSection
	GlobalSection(SolutionProperties) = preSolution
		HideSolutionNode = FALSE
	EndGlobalSection
	GlobalSection(ExtensibilityGlobals) = postSolution
		SolutionGuid = {01D67B66-D0B8-4FD3-8F52-C9DC071096EA}
	EndGlobalSection
EndGlobal
